
Microsoft Visual Studio Solution File, Format Version 12.00
# Visual Studio Version 17
VisualStudioVersion = 17.1.32210.238
MinimumVisualStudioVersion = 10.0.40219.1
Project("{FAE04EC0-301F-11D3-BF4B-00C04F79EFBC}") = "FFmpegConvertImagesToVideo", "FFmpegConvertImagesToVideo\FFmpegConvertImagesToVideo.csproj", "{25EFA7A2-1F35-4C1B-A08A-271EB2D8FA95}"
EndProject
Global
	GlobalSection(SolutionConfigurationPlatforms) = preSolution
		Debug|Any CPU = Debug|Any CPU
		Release|Any CPU = Release|Any CPU
	EndGlobalSection
	GlobalSection(ProjectConfigurationPlatforms) = postSolution
		{25EFA7A2-1F35-4C1B-A08A-271EB2D8FA95}.Debug|Any CPU.ActiveCfg = Debug|Any CPU
		{25EFA7A2-1F35-4C1B-A08A-271EB2D8FA95}.Debug|Any CPU.Build.0 = Debug|Any CPU
		{25EFA7A2-1F35-4C1B-A08A-271EB2D8FA95}.Release|Any CPU.ActiveCfg = Release|Any CPU
		{25EFA7A2-1F35-4C1B-A08A-271EB2D8FA95}.Release|Any CPU.Build.0 = Release|Any CPU
	EndGlobalSection
	GlobalSection(SolutionProperties) = preSolution
		HideSolutionNode = FALSE
	EndGlobalSection
	GlobalSection(ExtensibilityGlobals) = postSolution
		SolutionGuid = {47C1B506-44AA-4239-93FE-89EAF7EFC06E}
	EndGlobalSection
EndGlobal
